
Microsoft Visual Studio Solution File, Format Version 12.00
# Visual Studio Version 16
VisualStudioVersion = 16.0.30804.86
MinimumVisualStudioVersion = 10.0.40219.1
Project("{FAE04EC0-301F-11D3-BF4B-00C04F79EFBC}") = "ArraysDemo", "ArraysDemo\ArraysDemo.csproj", "{C2661EBA-3B20-4D7F-9D1F-D0AB86102A0C}"
EndProject
Global
	GlobalSection(SolutionConfigurationPlatforms) = preSolution
		Debug|Any CPU = Debug|Any CPU
		Release|Any CPU = Release|Any CPU
	EndGlobalSection
	GlobalSection(ProjectConfigurationPlatforms) = postSolution
		{C2661EBA-3B20-4D7F-9D1F-D0AB86102A0C}.Debug|Any CPU.ActiveCfg = Debug|Any CPU
		{C2661EBA-3B20-4D7F-9D1F-D0AB86102A0C}.Debug|Any CPU.Build.0 = Debug|Any CPU
		{C2661EBA-3B20-4D7F-9D1F-D0AB86102A0C}.Release|Any CPU.ActiveCfg = Release|Any CPU
		{C2661EBA-3B20-4D7F-9D1F-D0AB86102A0C}.Release|Any CPU.Build.0 = Release|Any CPU
	EndGlobalSection
	GlobalSection(SolutionProperties) = preSolution
		HideSolutionNode = FALSE
	EndGlobalSection
	GlobalSection(ExtensibilityGlobals) = postSolution
		SolutionGuid = {11F3AE9D-A1FE-40E2-B4B3-39D35E240D8F}
	EndGlobalSection
EndGlobal
